// !$*UTF8*$!
{
	archiveVersion = 1;
	classes = {
	};
	objectVersion = 50;
	objects = {

/* Begin PBXBuildFile section */
		E7790228246F48DD007EDB4D /* AppDelegate.swift in Sources */ = {isa = PBXBuildFile; fileRef = E7790227246F48DD007EDB4D /* AppDelegate.swift */; };
		E779022A246F48DD007EDB4D /* SceneDelegate.swift in Sources */ = {isa = PBXBuildFile; fileRef = E7790229246F48DD007EDB4D /* SceneDelegate.swift */; };
		E779022C246F48DD007EDB4D /* ViewController.swift in Sources */ = {isa = PBXBuildFile; fileRef = E779022B246F48DD007EDB4D /* ViewController.swift */; };
		E779022F246F48DD007EDB4D /* Main.storyboard in Resources */ = {isa = PBXBuildFile; fileRef = E779022D246F48DD007EDB4D /* Main.storyboard */; };
		E7790231246F48DD007EDB4D /* Assets.xcassets in Resources */ = {isa = PBXBuildFile; fileRef = E7790230246F48DD007EDB4D /* Assets.xcassets */; };
		E7790234246F48DD007EDB4D /* LaunchScreen.storyboard in Resources */ = {isa = PBXBuildFile; fileRef = E7790232246F48DD007EDB4D /* LaunchScreen.storyboard */; };
		E779023F246F48DE007EDB4D /* iMallsAppTests.swift in Sources */ = {isa = PBXBuildFile; fileRef = E779023E246F48DE007EDB4D /* iMallsAppTests.swift */; };
		E779024A246F48DE007EDB4D /* iMallsAppUITests.swift in Sources */ = {isa = PBXBuildFile; fileRef = E7790249246F48DE007EDB4D /* iMallsAppUITests.swift */; };
/* End PBXBuildFile section */

/* Begin PBXContainerItemProxy section */
		E779023B246F48DE007EDB4D /* PBXContainerItemProxy */ = {
			isa = PBXContainerItemProxy;
			containerPortal = E779021C246F48DD007EDB4D /* Project object */;
			proxyType = 1;
			remoteGlobalIDString = E7790223246F48DD007EDB4D;
			remoteInfo = iMallsApp;
		};
		E7790246246F48DE007EDB4D /* PBXContainerItemProxy */ = {
			isa = PBXContainerItemProxy;
			containerPortal = E779021C246F48DD007EDB4D /* Project object */;
			proxyType = 1;
			remoteGlobalIDString = E7790223246F48DD007EDB4D;
			remoteInfo = iMallsApp;
		};
/* End PBXContainerItemProxy section */

/* Begin PBXFileReference section */
		E7790224246F48DD007EDB4D /* iMallsApp.app */ = {isa = PBXFileReference; explicitFileType = wrapper.application; includeInIndex = 0; path = iMallsApp.app; sourceTree = BUILT_PRODUCTS_DIR; };
		E7790227246F48DD007EDB4D /* AppDelegate.swift */ = {isa = PBXFileReference; lastKnownFileType = sourcecode.swift; path = AppDelegate.swift; sourceTree = "<group>"; };
		E7790229246F48DD007EDB4D /* SceneDelegate.swift */ = {isa = PBXFileReference; lastKnownFileType = sourcecode.swift; path = SceneDelegate.swift; sourceTree = "<group>"; };
		E779022B246F48DD007EDB4D /* ViewController.swift */ = {isa = PBXFileReference; lastKnownFileType = sourcecode.swift; path = ViewController.swift; sourceTree = "<group>"; };
		E779022E246F48DD007EDB4D /* Base */ = {isa = PBXFileReference; lastKnownFileType = file.storyboard; name = Base; path = Base.lproj/Main.storyboard; sourceTree = "<group>"; };
		E7790230246F48DD007EDB4D /* Assets.xcassets */ = {isa = PBXFileReference; lastKnownFileType = folder.assetcatalog; path = Assets.xcassets; sourceTree = "<group>"; };
		E7790233246F48DD007EDB4D /* Base */ = {isa = PBXFileReference; lastKnownFileType = file.storyboard; name = Base; path = Base.lproj/LaunchScreen.storyboard; sourceTree = "<group>"; };
		E7790235246F48DD007EDB4D /* Info.plist */ = {isa = PBXFileReference; lastKnownFileType = text.plist.xml; path = Info.plist; sourceTree = "<group>"; };
		E779023A246F48DE007EDB4D /* iMallsAppTests.xctest */ = {isa = PBXFileReference; explicitFileType = wrapper.cfbundle; includeInIndex = 0; path = iMallsAppTests.xctest; sourceTree = BUILT_PRODUCTS_DIR; };
		E779023E246F48DE007EDB4D /* iMallsAppTests.swift */ = {isa = PBXFileReference; lastKnownFileType = sourcecode.swift; path = iMallsAppTests.swift; sourceTree = "<group>"; };
		E7790240246F48DE007EDB4D /* Info.plist */ = {isa = PBXFileReference; lastKnownFileType = text.plist.xml; path = Info.plist; sourceTree = "<group>"; };
		E7790245246F48DE007EDB4D /* iMallsAppUITests.xctest */ = {isa = PBXFileReference; explicitFileType = wrapper.cfbundle; includeInIndex = 0; path = iMallsAppUITests.xctest; sourceTree = BUILT_PRODUCTS_DIR; };
		E7790249246F48DE007EDB4D /* iMallsAppUITests.swift */ = {isa = PBXFileReference; lastKnownFileType = sourcecode.swift; path = iMallsAppUITests.swift; sourceTree = "<group>"; };
		E779024B246F48DE007EDB4D /* Info.plist */ = {isa = PBXFileReference; lastKnownFileType = text.plist.xml; path = Info.plist; sourceTree = "<group>"; };
/* End PBXFileReference section */

/* Begin PBXFrameworksBuildPhase section */
		E7790221246F48DD007EDB4D /* Frameworks */ = {
			isa = PBXFrameworksBuildPhase;
			buildActionMask = 2147483647;
			files = (
			);
			runOnlyForDeploymentPostprocessing = 0;
		};
		E7790237246F48DE007EDB4D /* Frameworks */ = {
			isa = PBXFrameworksBuildPhase;
			buildActionMask = 2147483647;
			files = (
			);
			runOnlyForDeploymentPostprocessing = 0;
		};
		E7790242246F48DE007EDB4D /* Frameworks */ = {
			isa = PBXFrameworksBuildPhase;
			buildActionMask = 2147483647;
			files = (
			);
			runOnlyForDeploymentPostprocessing = 0;
		};
/* End PBXFrameworksBuildPhase section */

/* Begin PBXGroup section */
		E779021B246F48DD007EDB4D = {
			isa = PBXGroup;
			children = (
				E7790226246F48DD007EDB4D /* iMallsApp */,
				E779023D246F48DE007EDB4D /* iMallsAppTests */,
				E7790248246F48DE007EDB4D /* iMallsAppUITests */,
				E7790225246F48DD007EDB4D /* Products */,
			);
			sourceTree = "<group>";
		};
		E7790225246F48DD007EDB4D /* Products */ = {
			isa = PBXGroup;
			children = (
				E7790224246F48DD007EDB4D /* iMallsApp.app */,
				E779023A246F48DE007EDB4D /* iMallsAppTests.xctest */,
				E7790245246F48DE007EDB4D /* iMallsAppUITests.xctest */,
			);
			name = Products;
			sourceTree = "<group>";
		};
		E7790226246F48DD007EDB4D /* iMallsApp */ = {
			isa = PBXGroup;
			children = (
				E7790227246F48DD007EDB4D /* AppDelegate.swift */,
				E7790229246F48DD007EDB4D /* SceneDelegate.swift */,
				E779022B246F48DD007EDB4D /* ViewController.swift */,
				E779022D246F48DD007EDB4D /* Main.storyboard */,
				E7790230246F48DD007EDB4D /* Assets.xcassets */,
				E7790232246F48DD007EDB4D /* LaunchScreen.storyboard */,
				E7790235246F48DD007EDB4D /* Info.plist */,
			);
			path = iMallsApp;
			sourceTree = "<group>";
		};
		E779023D246F48DE007EDB4D /* iMallsAppTests */ = {
			isa = PBXGroup;
			children = (
				E779023E246F48DE007EDB4D /* iMallsAppTests.swift */,
				E7790240246F48DE007EDB4D /* Info.plist */,
			);
			path = iMallsAppTests;
			sourceTree = "<group>";
		};
		E7790248246F48DE007EDB4D /* iMallsAppUITests */ = {
			isa = PBXGroup;
			children = (
				E7790249246F48DE007EDB4D /* iMallsAppUITests.swift */,
				E779024B246F48DE007EDB4D /* Info.plist */,
			);
			path = iMallsAppUITests;
			sourceTree = "<group>";
		};
/* End PBXGroup section */

/* Begin PBXNativeTarget section */
		E7790223246F48DD007EDB4D /* iMallsApp */ = {
			isa = PBXNativeTarget;
			buildConfigurationList = E779024E246F48DE007EDB4D /* Build configuration list for PBXNativeTarget "iMallsApp" */;
			buildPhases = (
				E7790220246F48DD007EDB4D /* Sources */,
				E7790221246F48DD007EDB4D /* Frameworks */,
				E7790222246F48DD007EDB4D /* Resources */,
			);
			buildRules = (
			);
			dependencies = (
			);
			name = iMallsApp;
			productName = iMallsApp;
			productReference = E7790224246F48DD007EDB4D /* iMallsApp.app */;
			productType = "com.apple.product-type.application";
		};
		E7790239246F48DE007EDB4D /* iMallsAppTests */ = {
			isa = PBXNativeTarget;
			buildConfigurationList = E7790251246F48DE007EDB4D /* Build configuration list for PBXNativeTarget "iMallsAppTests" */;
			buildPhases = (
				E7790236246F48DE007EDB4D /* Sources */,
				E7790237246F48DE007EDB4D /* Frameworks */,
				E7790238246F48DE007EDB4D /* Resources */,
			);
			buildRules = (
			);
			dependencies = (
				E779023C246F48DE007EDB4D /* PBXTargetDependency */,
			);
			name = iMallsAppTests;
			productName = iMallsAppTests;
			productReference = E779023A246F48DE007EDB4D /* iMallsAppTests.xctest */;
			productType = "com.apple.product-type.bundle.unit-test";
		};
		E7790244246F48DE007EDB4D /* iMallsAppUITests */ = {
			isa = PBXNativeTarget;
			buildConfigurationList = E7790254246F48DE007EDB4D /* Build configuration list for PBXNativeTarget "iMallsAppUITests" */;
			buildPhases = (
				E7790241246F48DE007EDB4D /* Sources */,
				E7790242246F48DE007EDB4D /* Frameworks */,
				E7790243246F48DE007EDB4D /* Resources */,
			);
			buildRules = (
			);
			dependencies = (
				E7790247246F48DE007EDB4D /* PBXTargetDependency */,
			);
			name = iMallsAppUITests;
			productName = iMallsAppUITests;
			productReference = E7790245246F48DE007EDB4D /* iMallsAppUITests.xctest */;
			productType = "com.apple.product-type.bundle.ui-testing";
		};
/* End PBXNativeTarget section */

/* Begin PBXProject section */
		E779021C246F48DD007EDB4D /* Project object */ = {
			isa = PBXProject;
			attributes = {
				LastSwiftUpdateCheck = 1130;
				LastUpgradeCheck = 1130;
				ORGANIZATIONNAME = "Mohamed Shendy";
				TargetAttributes = {
					E7790223246F48DD007EDB4D = {
						CreatedOnToolsVersion = 11.3;
					};
					E7790239246F48DE007EDB4D = {
						CreatedOnToolsVersion = 11.3;
						TestTargetID = E7790223246F48DD007EDB4D;
					};
					E7790244246F48DE007EDB4D = {
						CreatedOnToolsVersion = 11.3;
						TestTargetID = E7790223246F48DD007EDB4D;
					};
				};
			};
			buildConfigurationList = E779021F246F48DD007EDB4D /* Build configuration list for PBXProject "iMallsApp" */;
			compatibilityVersion = "Xcode 9.3";
			developmentRegion = en;
			hasScannedForEncodings = 0;
			knownRegions = (
				en,
				Base,
			);
			mainGroup = E779021B246F48DD007EDB4D;
			productRefGroup = E7790225246F48DD007EDB4D /* Products */;
			projectDirPath = "";
			projectRoot = "";
			targets = (
				E7790223246F48DD007EDB4D /* iMallsApp */,
				E7790239246F48DE007EDB4D /* iMallsAppTests */,
				E7790244246F48DE007EDB4D /* iMallsAppUITests */,
			);
		};
/* End PBXProject section */

/* Begin PBXResourcesBuildPhase section */
		E7790222246F48DD007EDB4D /* Resources */ = {
			isa = PBXResourcesBuildPhase;
			buildActionMask = 2147483647;
			files = (
				E7790234246F48DD007EDB4D /* LaunchScreen.storyboard in Resources */,
				E7790231246F48DD007EDB4D /* Assets.xcassets in Resources */,
				E779022F246F48DD007EDB4D /* Main.storyboard in Resources */,
			);
			runOnlyForDeploymentPostprocessing = 0;
		};
		E7790238246F48DE007EDB4D /* Resources */ = {
			isa = PBXResourcesBuildPhase;
			buildActionMask = 2147483647;
			files = (
			);
			runOnlyForDeploymentPostprocessing = 0;
		};
		E7790243246F48DE007EDB4D /* Resources */ = {
			isa = PBXResourcesBuildPhase;
			buildActionMask = 2147483647;
			files = (
			);
			runOnlyForDeploymentPostprocessing = 0;
		};
/* End PBXResourcesBuildPhase section */

/* Begin PBXSourcesBuildPhase section */
		E7790220246F48DD007EDB4D /* Sources */ = {
			isa = PBXSourcesBuildPhase;
			buildActionMask = 2147483647;
			files = (
				E779022C246F48DD007EDB4D /* ViewController.swift in Sources */,
				E7790228246F48DD007EDB4D /* AppDelegate.swift in Sources */,
				E779022A246F48DD007EDB4D /* SceneDelegate.swift in Sources */,
			);
			runOnlyForDeploymentPostprocessing = 0;
		};
		E7790236246F48DE007EDB4D /* Sources */ = {
			isa = PBXSourcesBuildPhase;
			buildActionMask = 2147483647;
			files = (
				E779023F246F48DE007EDB4D /* iMallsAppTests.swift in Sources */,
			);
			runOnlyForDeploymentPostprocessing = 0;
		};
		E7790241246F48DE007EDB4D /* Sources */ = {
			isa = PBXSourcesBuildPhase;
			buildActionMask = 2147483647;
			files = (
				E779024A246F48DE007EDB4D /* iMallsAppUITests.swift in Sources */,
			);
			runOnlyForDeploymentPostprocessing = 0;
		};
/* End PBXSourcesBuildPhase section */

/* Begin PBXTargetDependency section */
		E779023C246F48DE007EDB4D /* PBXTargetDependency */ = {
			isa = PBXTargetDependency;
			target = E7790223246F48DD007EDB4D /* iMallsApp */;
			targetProxy = E779023B246F48DE007EDB4D /* PBXContainerItemProxy */;
		};
		E7790247246F48DE007EDB4D /* PBXTargetDependency */ = {
			isa = PBXTargetDependency;
			target = E7790223246F48DD007EDB4D /* iMallsApp */;
			targetProxy = E7790246246F48DE007EDB4D /* PBXContainerItemProxy */;
		};
/* End PBXTargetDependency section */

/* Begin PBXVariantGroup section */
		E779022D246F48DD007EDB4D /* Main.storyboard */ = {
			isa = PBXVariantGroup;
			children = (
				E779022E246F48DD007EDB4D /* Base */,
			);
			name = Main.storyboard;
			sourceTree = "<group>";
		};
		E7790232246F48DD007EDB4D /* LaunchScreen.storyboard */ = {
			isa = PBXVariantGroup;
			children = (
				E7790233246F48DD007EDB4D /* Base */,
			);
			name = LaunchScreen.storyboard;
			sourceTree = "<group>";
		};
/* End PBXVariantGroup section */

/* Begin XCBuildConfiguration section */
		E779024C246F48DE007EDB4D /* Debug */ = {
			isa = XCBuildConfiguration;
			buildSettings = {
				ALWAYS_SEARCH_USER_PATHS = NO;
				CLANG_ANALYZER_NONNULL = YES;
				CLANG_ANALYZER_NUMBER_OBJECT_CONVERSION = YES_AGGRESSIVE;
				CLANG_CXX_LANGUAGE_STANDARD = "gnu++14";
				CLANG_CXX_LIBRARY = "libc++";
				CLANG_ENABLE_MODULES = YES;
				CLANG_ENABLE_OBJC_ARC = YES;
				CLANG_ENABLE_OBJC_WEAK = YES;
				CLANG_WARN_BLOCK_CAPTURE_AUTORELEASING = YES;
				CLANG_WARN_BOOL_CONVERSION = YES;
				CLANG_WARN_COMMA = YES;
				CLANG_WARN_CONSTANT_CONVERSION = YES;
				CLANG_WARN_DEPRECATED_OBJC_IMPLEMENTATIONS = YES;
				CLANG_WARN_DIRECT_OBJC_ISA_USAGE = YES_ERROR;
				CLANG_WARN_DOCUMENTATION_COMMENTS = YES;
				CLANG_WARN_EMPTY_BODY = YES;
				CLANG_WARN_ENUM_CONVERSION = YES;
				CLANG_WARN_INFINITE_RECURSION = YES;
				CLANG_WARN_INT_CONVERSION = YES;
				CLANG_WARN_NON_LITERAL_NULL_CONVERSION = YES;
				CLANG_WARN_OBJC_IMPLICIT_RETAIN_SELF = YES;
				CLANG_WARN_OBJC_LITERAL_CONVERSION = YES;
				CLANG_WARN_OBJC_ROOT_CLASS = YES_ERROR;
				CLANG_WARN_RANGE_LOOP_ANALYSIS = YES;
				CLANG_WARN_STRICT_PROTOTYPES = YES;
				CLANG_WARN_SUSPICIOUS_MOVE = YES;
				CLANG_WARN_UNGUARDED_AVAILABILITY = YES_AGGRESSIVE;
				CLANG_WARN_UNREACHABLE_CODE = YES;
				CLANG_WARN__DUPLICATE_METHOD_MATCH = YES;
				COPY_PHASE_STRIP = NO;
				DEBUG_INFORMATION_FORMAT = dwarf;
				ENABLE_STRICT_OBJC_MSGSEND = YES;
				ENABLE_TESTABILITY = YES;
				GCC_C_LANGUAGE_STANDARD = gnu11;
				GCC_DYNAMIC_NO_PIC = NO;
				GCC_NO_COMMON_BLOCKS = YES;
				GCC_OPTIMIZATION_LEVEL = 0;
				GCC_PREPROCESSOR_DEFINITIONS = (
					"DEBUG=1",
					"$(inherited)",
				);
				GCC_WARN_64_TO_32_BIT_CONVERSION = YES;
				GCC_WARN_ABOUT_RETURN_TYPE = YES_ERROR;
				GCC_WARN_UNDECLARED_SELECTOR = YES;
				GCC_WARN_UNINITIALIZED_AUTOS = YES_AGGRESSIVE;
				GCC_WARN_UNUSED_FUNCTION = YES;
				GCC_WARN_UNUSED_VARIABLE = YES;
				IPHONEOS_DEPLOYMENT_TARGET = 13.2;
				MTL_ENABLE_DEBUG_INFO = INCLUDE_SOURCE;
				MTL_FAST_MATH = YES;
				ONLY_ACTIVE_ARCH = YES;
				SDKROOT = iphoneos;
				SWIFT_ACTIVE_COMPILATION_CONDITIONS = DEBUG;
				SWIFT_OPTIMIZATION_LEVEL = "-Onone";
			};
			name = Debug;
		};
		E779024D246F48DE007EDB4D /* Release */ = {
			isa = XCBuildConfiguration;
			buildSettings = {
				ALWAYS_SEARCH_USER_PATHS = NO;
				CLANG_ANALYZER_NONNULL = YES;
				CLANG_ANALYZER_NUMBER_OBJECT_CONVERSION = YES_AGGRESSIVE;
				CLANG_CXX_LANGUAGE_STANDARD = "gnu++14";
				CLANG_CXX_LIBRARY = "libc++";
				CLANG_ENABLE_MODULES = YES;
				CLANG_ENABLE_OBJC_ARC = YES;
				CLANG_ENABLE_OBJC_WEAK = YES;
				CLANG_WARN_BLOCK_CAPTURE_AUTORELEASING = YES;
				CLANG_WARN_BOOL_CONVERSION = YES;
				CLANG_WARN_COMMA = YES;
				CLANG_WARN_CONSTANT_CONVERSION = YES;
				CLANG_WARN_DEPRECATED_OBJC_IMPLEMENTATIONS = YES;
				CLANG_WARN_DIRECT_OBJC_ISA_USAGE = YES_ERROR;
				CLANG_WARN_DOCUMENTATION_COMMENTS = YES;
				CLANG_WARN_EMPTY_BODY = YES;
				CLANG_WARN_ENUM_CONVERSION = YES;
				CLANG_WARN_INFINITE_RECURSION = YES;
				CLANG_WARN_INT_CONVERSION = YES;
				CLANG_WARN_NON_LITERAL_NULL_CONVERSION = YES;
				CLANG_WARN_OBJC_IMPLICIT_RETAIN_SELF = YES;
				CLANG_WARN_OBJC_LITERAL_CONVERSION = YES;
				CLANG_WARN_OBJC_ROOT_CLASS = YES_ERROR;
				CLANG_WARN_RANGE_LOOP_ANALYSIS = YES;
				CLANG_WARN_STRICT_PROTOTYPES = YES;
				CLANG_WARN_SUSPICIOUS_MOVE = YES;
				CLANG_WARN_UNGUARDED_AVAILABILITY = YES_AGGRESSIVE;
				CLANG_WARN_UNREACHABLE_CODE = YES;
				CLANG_WARN__DUPLICATE_METHOD_MATCH = YES;
				COPY_PHASE_STRIP = NO;
				DEBUG_INFORMATION_FORMAT = "dwarf-with-dsym";
				ENABLE_NS_ASSERTIONS = NO;
				ENABLE_STRICT_OBJC_MSGSEND = YES;
				GCC_C_LANGUAGE_STANDARD = gnu11;
				GCC_NO_COMMON_BLOCKS = YES;
				GCC_WARN_64_TO_32_BIT_CONVERSION = YES;
				GCC_WARN_ABOUT_RETURN_TYPE = YES_ERROR;
				GCC_WARN_UNDECLARED_SELECTOR = YES;
				GCC_WARN_UNINITIALIZED_AUTOS = YES_AGGRESSIVE;
				GCC_WARN_UNUSED_FUNCTION = YES;
				GCC_WARN_UNUSED_VARIABLE = YES;
				IPHONEOS_DEPLOYMENT_TARGET = 13.2;
				MTL_ENABLE_DEBUG_INFO = NO;
				MTL_FAST_MATH = YES;
				SDKROOT = iphoneos;
				SWIFT_COMPILATION_MODE = wholemodule;
				SWIFT_OPTIMIZATION_LEVEL = "-O";
				VALIDATE_PRODUCT = YES;
			};
			name = Release;
		};
		E779024F246F48DE007EDB4D /* Debug */ = {
			isa = XCBuildConfiguration;
			buildSettings = {
				ASSETCATALOG_COMPILER_APPICON_NAME = AppIcon;
				CODE_SIGN_STYLE = Automatic;
				DEVELOPMENT_TEAM = H6JHBU5464;
				INFOPLIST_FILE = iMallsApp/Info.plist;
				LD_RUNPATH_SEARCH_PATHS = (
					"$(inherited)",
					"@executable_path/Frameworks",
				);
				PRODUCT_BUNDLE_IDENTIFIER = Com.iMalls.iMallsApp;
				PRODUCT_NAME = "$(TARGET_NAME)";
				SWIFT_VERSION = 5.0;
				TARGETED_DEVICE_FAMILY = "1,2";
			};
			name = Debug;
		};
		E7790250246F48DE007EDB4D /* Release */ = {
			isa = XCBuildConfiguration;
			buildSettings = {
				ASSETCATALOG_COMPILER_APPICON_NAME = AppIcon;
				CODE_SIGN_STYLE = Automatic;
				DEVELOPMENT_TEAM = H6JHBU5464;
				INFOPLIST_FILE = iMallsApp/Info.plist;
				LD_RUNPATH_SEARCH_PATHS = (
					"$(inherited)",
					"@executable_path/Frameworks",
				);
				PRODUCT_BUNDLE_IDENTIFIER = Com.iMalls.iMallsApp;
				PRODUCT_NAME = "$(TARGET_NAME)";
				SWIFT_VERSION = 5.0;
				TARGETED_DEVICE_FAMILY = "1,2";
			};
			name = Release;
		};
		E7790252246F48DE007EDB4D /* Debug */ = {
			isa = XCBuildConfiguration;
			buildSettings = {
				ALWAYS_EMBED_SWIFT_STANDARD_LIBRARIES = YES;
				BUNDLE_LOADER = "$(TEST_HOST)";
				CODE_SIGN_STYLE = Automatic;
				DEVELOPMENT_TEAM = H6JHBU5464;
				INFOPLIST_FILE = iMallsAppTests/Info.plist;
				IPHONEOS_DEPLOYMENT_TARGET = 13.2;
				LD_RUNPATH_SEARCH_PATHS = (
					"$(inherited)",
					"@executable_path/Frameworks",
					"@loader_path/Frameworks",
				);
				PRODUCT_BUNDLE_IDENTIFIER = Com.iMalls.iMallsAppTests;
				PRODUCT_NAME = "$(TARGET_NAME)";
				SWIFT_VERSION = 5.0;
				TARGETED_DEVICE_FAMILY = "1,2";
				TEST_HOST = "$(BUILT_PRODUCTS_DIR)/iMallsApp.app/iMallsApp";
			};
			name = Debug;
		};
		E7790253246F48DE007EDB4D /* Release */ = {
			isa = XCBuildConfiguration;
			buildSettings = {
				ALWAYS_EMBED_SWIFT_STANDARD_LIBRARIES = YES;
				BUNDLE_LOADER = "$(TEST_HOST)";
				CODE_SIGN_STYLE = Automatic;
				DEVELOPMENT_TEAM = H6JHBU5464;
				INFOPLIST_FILE = iMallsAppTests/Info.plist;
				IPHONEOS_DEPLOYMENT_TARGET = 13.2;
				LD_RUNPATH_SEARCH_PATHS = (
					"$(inherited)",
					"@executable_path/Frameworks",
					"@loader_path/Frameworks",
				);
				PRODUCT_BUNDLE_IDENTIFIER = Com.iMalls.iMallsAppTests;
				PRODUCT_NAME = "$(TARGET_NAME)";
				SWIFT_VERSION = 5.0;
				TARGETED_DEVICE_FAMILY = "1,2";
				TEST_HOST = "$(BUILT_PRODUCTS_DIR)/iMallsApp.app/iMallsApp";
			};
			name = Release;
		};
		E7790255246F48DE007EDB4D /* Debug */ = {
			isa = XCBuildConfiguration;
			buildSettings = {
				ALWAYS_EMBED_SWIFT_STANDARD_LIBRARIES = YES;
				CODE_SIGN_STYLE = Automatic;
				DEVELOPMENT_TEAM = H6JHBU5464;
				INFOPLIST_FILE = iMallsAppUITests/Info.plist;
				LD_RUNPATH_SEARCH_PATHS = (
					"$(inherited)",
					"@executable_path/Frameworks",
					"@loader_path/Frameworks",
				);
				PRODUCT_BUNDLE_IDENTIFIER = Com.iMalls.iMallsAppUITests;
				PRODUCT_NAME = "$(TARGET_NAME)";
				SWIFT_VERSION = 5.0;
				TARGETED_DEVICE_FAMILY = "1,2";
				TEST_TARGET_NAME = iMallsApp;
			};
			name = Debug;
		};
		E7790256246F48DE007EDB4D /* Release */ = {
			isa = XCBuildConfiguration;
			buildSettings = {
				ALWAYS_EMBED_SWIFT_STANDARD_LIBRARIES = YES;
				CODE_SIGN_STYLE = Automatic;
				DEVELOPMENT_TEAM = H6JHBU5464;
				INFOPLIST_FILE = iMallsAppUITests/Info.plist;
				LD_RUNPATH_SEARCH_PATHS = (
					"$(inherited)",
					"@executable_path/Frameworks",
					"@loader_path/Frameworks",
				);
				PRODUCT_BUNDLE_IDENTIFIER = Com.iMalls.iMallsAppUITests;
				PRODUCT_NAME = "$(TARGET_NAME)";
				SWIFT_VERSION = 5.0;
				TARGETED_DEVICE_FAMILY = "1,2";
				TEST_TARGET_NAME = iMallsApp;
			};
			name = Release;
		};
/* End XCBuildConfiguration section */

/* Begin XCConfigurationList section */
		E779021F246F48DD007EDB4D /* Build configuration list for PBXProject "iMallsApp" */ = {
			isa = XCConfigurationList;
			buildConfigurations = (
				E779024C246F48DE007EDB4D /* Debug */,
				E779024D246F48DE007EDB4D /* Release */,
			);
			defaultConfigurationIsVisible = 0;
			defaultConfigurationName = Release;
		};
		E779024E246F48DE007EDB4D /* Build configuration list for PBXNativeTarget "iMallsApp" */ = {
			isa = XCConfigurationList;
			buildConfigurations = (
				E779024F246F48DE007EDB4D /* Debug */,
				E7790250246F48DE007EDB4D /* Release */,
			);
			defaultConfigurationIsVisible = 0;
			defaultConfigurationName = Release;
		};
		E7790251246F48DE007EDB4D /* Build configuration list for PBXNativeTarget "iMallsAppTests" */ = {
			isa = XCConfigurationList;
			buildConfigurations = (
				E7790252246F48DE007EDB4D /* Debug */,
				E7790253246F48DE007EDB4D /* Release */,
			);
			defaultConfigurationIsVisible = 0;
			defaultConfigurationName = Release;
		};
		E7790254246F48DE007EDB4D /* Build configuration list for PBXNativeTarget "iMallsAppUITests" */ = {
			isa = XCConfigurationList;
			buildConfigurations = (
				E7790255246F48DE007EDB4D /* Debug */,
				E7790256246F48DE007EDB4D /* Release */,
			);
			defaultConfigurationIsVisible = 0;
			defaultConfigurationName = Release;
		};
/* End XCConfigurationList section */
	};
	rootObject = E779021C246F48DD007EDB4D /* Project object */;
}
